version = 1
revision = 3
requires-python = ">=3.11"

[[package]]
name = "blinker"
version = "1.6.3"
source = { registry = "https://pypi.org/simple" }
sdist = { url = "https://files.pythonhosted.org/packages/ea/96/ed1420a974540da7419094f2553bc198c454cee5f72576e7c7629dd12d6e/blinker-1.6.3.tar.gz", hash = "sha256:152090d27c1c5c722ee7e48504b02d76502811ce02e1523553b4cf8c8b3d3a8d", size = 28092, upload-time = "2023-10-07T14:16:21.13Z" }
wheels = [
    { url = "https://files.pythonhosted.org/packages/bf/2b/11bcedb7dee4923253a4a21bae3be854bcc4f06295bd827756352016d97c/blinker-1.6.3-py3-none-any.whl", hash = "sha256:296320d6c28b006eb5e32d4712202dbcdcbf5dc482da298c2f44881c43884aaa", size = 13398, upload-time = "2023-10-07T14:16:19.479Z" },
]

[[package]]
name = "click"
version = "8.1.7"
source = { registry = "https://pypi.org/simple" }
dependencies = [
    { name = "colorama", marker = "sys_platform == 'win32'" },
]
sdist = { url = "https://files.pythonhosted.org/packages/96/d3/f04c7bfcf5c1862a2a5b845c6b2b360488cf47af55dfa79c98f6a6bf98b5/click-8.1.7.tar.gz", hash = "sha256:ca9853ad459e787e2192211578cc907e7594e294c7ccc834310722b41b9ca6de", size = 336121, upload-time = "2023-08-17T17:29:11.868Z" }
wheels = [
    { url = "https://files.pythonhosted.org/packages/00/2e/d53fa4befbf2cfa713304affc7ca780ce4fc1fd8710527771b58311a3229/click-8.1.7-py3-none-any.whl", hash = "sha256:ae74fb96c20a0277a1d615f1e4d73c8414f5a98db8b799a7931d1582f3390c28", size = 97941, upload-time = "2023-08-17T17:29:10.08Z" },
]

[[package]]
name = "colorama"
version = "0.4.6"
source = { registry = "https://pypi.org/simple" }
sdist = { url = "https://files.pythonhosted.org/packages/d8/53/6f443c9a4a8358a93a6792e2acffb9d9d5cb0a5cfd8802644b7b1c9a02e4/colorama-0.4.6.tar.gz", hash = "sha256:08695f5cb7ed6e0531a20572697297273c47b8cae5a63ffc6d6ed5c201be6e44", size = 27697, upload-time = "2022-10-25T02:36:22.414Z" }
wheels = [
    { url = "https://files.pythonhosted.org/packages/d1/d6/3965ed04c63042e047cb6a3e6ed1a63a35087b6a609aa3a15ed8ac56c221/colorama-0.4.6-py2.py3-none-any.whl", hash = "sha256:4f1d9991f5acc0ca119f9d443620b77f9d6b33703e51011c16baf57afb285fc6", size = 25335, upload-time = "2022-10-25T02:36:20.889Z" },
]

[[package]]
name = "dbmsproj"
version = "0.1.0"
source = { virtual = "." }
dependencies = [
    { name = "blinker" },
    { name = "click" },
    { name = "flask" },
    { name = "itsdangerous" },
    { name = "jinja2" },
    { name = "markupsafe" },
    { name = "mysql-connector-python" },
    { name = "werkzeug" },
]

[package.metadata]
requires-dist = [
    { name = "blinker", specifier = "==1.6.3" },
    { name = "click", specifier = "==8.1.7" },
    { name = "flask", specifier = "==2.3.3" },
    { name = "itsdangerous", specifier = "==2.1.2" },
    { name = "jinja2", specifier = "==3.1.2" },
    { name = "markupsafe", specifier = "==2.1.3" },
    { name = "mysql-connector-python", specifier = "==8.2.0" },
    { name = "werkzeug", specifier = "==2.3.7" },
]

[[package]]
name = "flask"
version = "2.3.3"
source = { registry = "https://pypi.org/simple" }
dependencies = [
    { name = "blinker" },
    { name = "click" },
    { name = "itsdangerous" },
    { name = "jinja2" },
    { name = "werkzeug" },
]
sdist = { url = "https://files.pythonhosted.org/packages/46/b7/4ace17e37abd9c21715dea5ee11774a25e404c486a7893fa18e764326ead/flask-2.3.3.tar.gz", hash = "sha256:09c347a92aa7ff4a8e7f3206795f30d826654baf38b873d0744cd571ca609efc", size = 672756, upload-time = "2023-08-21T19:52:35.012Z" }
wheels = [
    { url = "https://files.pythonhosted.org/packages/fd/56/26f0be8adc2b4257df20c1c4260ddd0aa396cf8e75d90ab2f7ff99bc34f9/flask-2.3.3-py3-none-any.whl", hash = "sha256:f69fcd559dc907ed196ab9df0e48471709175e696d6e698dd4dbe940f96ce66b", size = 96112, upload-time = "2023-08-21T19:52:33.115Z" },
]

[[package]]
name = "itsdangerous"
version = "2.1.2"
source = { registry = "https://pypi.org/simple" }
sdist = { url = "https://files.pythonhosted.org/packages/7f/a1/d3fb83e7a61fa0c0d3d08ad0a94ddbeff3731c05212617dff3a94e097f08/itsdangerous-2.1.2.tar.gz", hash = "sha256:5dbbc68b317e5e42f327f9021763545dc3fc3bfe22e6deb96aaf1fc38874156a", size = 56143, upload-time = "2022-03-24T15:12:15.102Z" }
wheels = [
    { url = "https://files.pythonhosted.org/packages/68/5f/447e04e828f47465eeab35b5d408b7ebaaaee207f48b7136c5a7267a30ae/itsdangerous-2.1.2-py3-none-any.whl", hash = "sha256:2c2349112351b88699d8d4b6b075022c0808887cb7ad10069318a8b0bc88db44", size = 15749, upload-time = "2022-03-24T15:12:13.2Z" },
]

[[package]]
name = "jinja2"
version = "3.1.2"
source = { registry = "https://pypi.org/simple" }
dependencies = [
    { name = "markupsafe" },
]
sdist = { url = "https://files.pythonhosted.org/packages/7a/ff/75c28576a1d900e87eb6335b063fab47a8ef3c8b4d88524c4bf78f670cce/Jinja2-3.1.2.tar.gz", hash = "sha256:31351a702a408a9e7595a8fc6150fc3f43bb6bf7e319770cbc0db9df9437e852", size = 268239, upload-time = "2022-04-28T17:21:27.579Z" }
wheels = [
    { url = "https://files.pythonhosted.org/packages/bc/c3/f068337a370801f372f2f8f6bad74a5c140f6fda3d9de154052708dd3c65/Jinja2-3.1.2-py3-none-any.whl", hash = "sha256:6088930bfe239f0e6710546ab9c19c9ef35e29792895fed6e6e31a023a182a61", size = 133101, upload-time = "2022-04-28T17:21:25.336Z" },
]

[[package]]
name = "markupsafe"
version = "2.1.3"
source = { registry = "https://pypi.org/simple" }
sdist = { url = "https://files.pythonhosted.org/packages/6d/7c/59a3248f411813f8ccba92a55feaac4bf360d29e2ff05ee7d8e1ef2d7dbf/MarkupSafe-2.1.3.tar.gz", hash = "sha256:af598ed32d6ae86f1b747b82783958b1a4ab8f617b06fe68795c7f026abbdcad", size = 19132, upload-time = "2023-06-02T21:43:45.578Z" }
wheels = [
    { url = "https://files.pythonhosted.org/packages/fe/09/c31503cb8150cf688c1534a7135cc39bb9092f8e0e6369ec73494d16ee0e/MarkupSafe-2.1.3-cp311-cp311-macosx_10_9_universal2.whl", hash = "sha256:ad9e82fb8f09ade1c3e1b996a6337afac2b8b9e365f926f5a61aacc71adc5b3c", size = 17862, upload-time = "2023-06-02T21:42:48.569Z" },
    { url = "https://files.pythonhosted.org/packages/c0/c7/171f5ac6b065e1425e8fabf4a4dfbeca76fd8070072c6a41bd5c07d90d8b/MarkupSafe-2.1.3-cp311-cp311-macosx_10_9_x86_64.whl", hash = "sha256:3c0fae6c3be832a0a0473ac912810b2877c8cb9d76ca48de1ed31e1c68386575", size = 13738, upload-time = "2023-06-02T21:42:49.727Z" },
    { url = "https://files.pythonhosted.org/packages/a2/f7/9175ad1b8152092f7c3b78c513c1bdfe9287e0564447d1c2d3d1a2471540/MarkupSafe-2.1.3-cp311-cp311-manylinux_2_17_aarch64.manylinux2014_aarch64.whl", hash = "sha256:b076b6226fb84157e3f7c971a47ff3a679d837cf338547532ab866c57930dbee", size = 28891, upload-time = "2023-06-02T21:42:51.33Z" },
    { url = "https://files.pythonhosted.org/packages/fe/21/2eff1de472ca6c99ec3993eab11308787b9879af9ca8bbceb4868cf4f2ca/MarkupSafe-2.1.3-cp311-cp311-manylinux_2_17_x86_64.manylinux2014_x86_64.whl", hash = "sha256:bfce63a9e7834b12b87c64d6b155fdd9b3b96191b6bd334bf37db7ff1fe457f2", size = 28096, upload-time = "2023-06-02T21:42:52.966Z" },
    { url = "https://files.pythonhosted.org/packages/f4/a0/103f94793c3bf829a18d2415117334ece115aeca56f2df1c47fa02c6dbd6/MarkupSafe-2.1.3-cp311-cp311-manylinux_2_5_i686.manylinux1_i686.manylinux_2_17_i686.manylinux2014_i686.whl", hash = "sha256:338ae27d6b8745585f87218a3f23f1512dbf52c26c28e322dbe54bcede54ccb9", size = 27631, upload-time = "2023-06-02T21:42:54.518Z" },
    { url = "https://files.pythonhosted.org/packages/43/70/f24470f33b2035b035ef0c0ffebf57006beb2272cf3df068fc5154e04ead/MarkupSafe-2.1.3-cp311-cp311-musllinux_1_1_aarch64.whl", hash = "sha256:e4dd52d80b8c83fdce44e12478ad2e85c64ea965e75d66dbeafb0a3e77308fcc", size = 33863, upload-time = "2023-06-02T21:42:55.777Z" },
    { url = "https://files.pythonhosted.org/packages/32/d4/ce98c4ca713d91c4a17c1a184785cc00b9e9c25699d618956c2b9999500a/MarkupSafe-2.1.3-cp311-cp311-musllinux_1_1_i686.whl", hash = "sha256:df0be2b576a7abbf737b1575f048c23fb1d769f267ec4358296f31c2479db8f9", size = 32591, upload-time = "2023-06-02T21:42:57.415Z" },
    { url = "https://files.pythonhosted.org/packages/bb/82/f88ccb3ca6204a4536cf7af5abdad7c3657adac06ab33699aa67279e0744/MarkupSafe-2.1.3-cp311-cp311-musllinux_1_1_x86_64.whl", hash = "sha256:5bbe06f8eeafd38e5d0a4894ffec89378b6c6a625ff57e3028921f8ff59318ac", size = 33186, upload-time = "2023-06-02T21:42:59.107Z" },
    { url = "https://files.pythonhosted.org/packages/44/53/93405d37bb04a10c43b1bdd6f548097478d494d7eadb4b364e3e1337f0cc/MarkupSafe-2.1.3-cp311-cp311-win32.whl", hash = "sha256:dd15ff04ffd7e05ffcb7fe79f1b98041b8ea30ae9234aed2a9168b5797c3effb", size = 16537, upload-time = "2023-06-02T21:43:00.927Z" },
    { url = "https://files.pythonhosted.org/packages/be/bb/08b85bc194034efbf572e70c3951549c8eca0ada25363afc154386b5390a/MarkupSafe-2.1.3-cp311-cp311-win_amd64.whl", hash = "sha256:134da1eca9ec0ae528110ccc9e48041e0828d79f24121a1a146161103c76e686", size = 17089, upload-time = "2023-06-02T21:43:02.355Z" },
    { url = "https://files.pythonhosted.org/packages/89/5a/ee546f2aa73a1d6fcfa24272f356fe06d29acca81e76b8d32ca53e429a2e/MarkupSafe-2.1.3-cp312-cp312-macosx_10_9_universal2.whl", hash = "sha256:f698de3fd0c4e6972b92290a45bd9b1536bffe8c6759c62471efaa8acb4c37bc", size = 17849, upload-time = "2023-09-07T16:00:43.795Z" },
    { url = "https://files.pythonhosted.org/packages/3a/72/9f683a059bde096776e8acf9aa34cbbba21ddc399861fe3953790d4f2cde/MarkupSafe-2.1.3-cp312-cp312-macosx_10_9_x86_64.whl", hash = "sha256:aa57bd9cf8ae831a362185ee444e15a93ecb2e344c8e52e4d721ea3ab6ef1823", size = 13700, upload-time = "2023-09-07T16:00:45.384Z" },
    { url = "https://files.pythonhosted.org/packages/9d/78/92f15eb9b1e8f1668a9787ba103cf6f8d19a9efed8150245404836145c24/MarkupSafe-2.1.3-cp312-cp312-manylinux_2_17_aarch64.manylinux2014_aarch64.whl", hash = "sha256:ffcc3f7c66b5f5b7931a5aa68fc9cecc51e685ef90282f4a82f0f5e9b704ad11", size = 29319, upload-time = "2023-09-07T16:00:46.48Z" },
    { url = "https://files.pythonhosted.org/packages/51/94/9a04085114ff2c24f7424dbc890a281d73c5a74ea935dc2e69c66a3bd558/MarkupSafe-2.1.3-cp312-cp312-manylinux_2_17_x86_64.manylinux2014_x86_64.whl", hash = "sha256:47d4f1c5f80fc62fdd7777d0d40a2e9dda0a05883ab11374334f6c4de38adffd", size = 28314, upload-time = "2023-09-07T16:00:47.64Z" },
    { url = "https://files.pythonhosted.org/packages/ec/53/fcb3214bd370185e223b209ce6bb010fb887ea57173ca4f75bd211b24e10/MarkupSafe-2.1.3-cp312-cp312-manylinux_2_5_i686.manylinux1_i686.manylinux_2_17_i686.manylinux2014_i686.whl", hash = "sha256:1f67c7038d560d92149c060157d623c542173016c4babc0c1913cca0564b9939", size = 27696, upload-time = "2023-09-07T16:00:48.92Z" },
    { url = "https://files.pythonhosted.org/packages/e7/33/54d29854716725d7826079b8984dd235fac76dab1c32321e555d493e61f5/MarkupSafe-2.1.3-cp312-cp312-musllinux_1_1_aarch64.whl", hash = "sha256:9aad3c1755095ce347e26488214ef77e0485a3c34a50c5a5e2471dff60b9dd9c", size = 33746, upload-time = "2023-09-07T16:00:50.081Z" },
    { url = "https://files.pythonhosted.org/packages/11/40/ea7f85e2681d29bc9301c757257de561923924f24de1802d9c3baa396bb4/MarkupSafe-2.1.3-cp312-cp312-musllinux_1_1_i686.whl", hash = "sha256:14ff806850827afd6b07a5f32bd917fb7f45b046ba40c57abdb636674a8b559c", size = 32131, upload-time = "2023-09-07T16:00:51.822Z" },
    { url = "https://files.pythonhosted.org/packages/41/f1/bc770c37ecd58638c18f8ec85df205dacb818ccf933692082fd93010a4bc/MarkupSafe-2.1.3-cp312-cp312-musllinux_1_1_x86_64.whl", hash = "sha256:8f9293864fe09b8149f0cc42ce56e3f0e54de883a9de90cd427f191c346eb2e1", size = 32878, upload-time = "2023-09-07T16:00:53.575Z" },
    { url = "https://files.pythonhosted.org/packages/49/74/bf95630aab0a9ed6a67556cd4e54f6aeb0e74f4cb0fd2f229154873a4be4/MarkupSafe-2.1.3-cp312-cp312-win32.whl", hash = "sha256:715d3562f79d540f251b99ebd6d8baa547118974341db04f5ad06d5ea3eb8007", size = 16426, upload-time = "2023-09-07T16:00:55.987Z" },
    { url = "https://files.pythonhosted.org/packages/44/44/dbaf65876e258facd65f586dde158387ab89963e7f2235551afc9c2e24c2/MarkupSafe-2.1.3-cp312-cp312-win_amd64.whl", hash = "sha256:1b8dd8c3fd14349433c79fa8abeb573a55fc0fdd769133baac1f5e07abf54aeb", size = 16979, upload-time = "2023-09-07T16:00:57.77Z" },
]

[[package]]
name = "mysql-connector-python"
version = "8.2.0"
source = { registry = "https://pypi.org/simple" }
dependencies = [
    { name = "protobuf" },
]
sdist = { url = "https://files.pythonhosted.org/packages/d3/60/be97d5a73de74f16c612cb6e477bfb949d9e39befea4812d8c21b26f62e1/mysql-connector-python-8.2.0.tar.gz", hash = "sha256:884eba07b4c97edf552a03f5fdca145e0ab4afc3d8677cca20276effca1bea54", size = 464033, upload-time = "2023-10-25T07:57:09.933Z" }
wheels = [
    { url = "https://files.pythonhosted.org/packages/9d/53/346be660c6e32584099923ca5d3307ccac21bf0b753e9a22f67ecc92d859/mysql_connector_python-8.2.0-cp311-cp311-macosx_12_0_arm64.whl", hash = "sha256:5d1e1399a9feb45fc8caca6168ff35d31a8124693f24391153764bccc61d15ad", size = 14452858, upload-time = "2023-10-25T07:51:58.461Z" },
    { url = "https://files.pythonhosted.org/packages/41/e0/ff2276ca24a14f28320ef9732ab43ce892e7f2b6b1a6e7cf75daa4713ae8/mysql_connector_python-8.2.0-cp311-cp311-macosx_12_0_x86_64.whl", hash = "sha256:a0308455462d4078baf516255662a46611eb12fc8d83d40dea38df3032d2566d", size = 15315688, upload-time = "2023-10-25T07:52:05.497Z" },
    { url = "https://files.pythonhosted.org/packages/70/bd/3eed084841bb1cf87304c8b9c80fb7236fc87692f2793842b97e88070fa6/mysql_connector_python-8.2.0-cp311-cp311-manylinux_2_17_aarch64.whl", hash = "sha256:539300944c36566e91d131e106dbf0a90cde697ba88247a820f5af9caea2e5c2", size = 31102894, upload-time = "2023-10-25T07:52:18.845Z" },
    { url = "https://files.pythonhosted.org/packages/c9/6a/df8325eb997944357f5f24e55900f24c4f82ab980ac7f0b013ef87c996e7/mysql_connector_python-8.2.0-cp311-cp311-manylinux_2_17_x86_64.whl", hash = "sha256:66d755b94f547d6fcdee9f2256805a4534103363e35d185d3800bfc5274e1f4f", size = 31629712, upload-time = "2023-10-25T07:52:43.185Z" },
    { url = "https://files.pythonhosted.org/packages/a7/84/b63f11124f808b6f1e3389072bc36cc907929d7574e85f94bf8f18117fe4/mysql_connector_python-8.2.0-cp311-cp311-win_amd64.whl", hash = "sha256:877076f2d71d268fb1b334c85a20ef1d42096ceb6580b25229be4510ebf5a0c5", size = 14214631, upload-time = "2023-10-25T07:53:02.053Z" },
    { url = "https://files.pythonhosted.org/packages/ba/5e/0f53b6892c9add8e860cf8441ba4beb125f832073f2f4171b22a52783ad8/mysql_connector_python-8.2.0-cp312-cp312-macosx_12_0_arm64.whl", hash = "sha256:b3f64b1fd2de2e8ed5c9ddd388efce8c6804a8633e18dbb45563a6ae61fbc45b", size = 14452847, upload-time = "2023-10-25T07:53:17.134Z" },
    { url = "https://files.pythonhosted.org/packages/53/81/a8b2f37788bccacb64009e8778120bca6962d1fc154613f46c945eaab91f/mysql_connector_python-8.2.0-cp312-cp312-macosx_12_0_x86_64.whl", hash = "sha256:e9eacdc3fa5f61276c1549ca7c471a6fde576692881a70dcbac8258314015347", size = 15315929, upload-time = "2023-10-25T07:53:32.711Z" },
    { url = "https://files.pythonhosted.org/packages/c7/87/493d66164c556e9e17116bb9c9b46074b431e6c8600ed27871aef97643fc/mysql_connector_python-8.2.0-cp312-cp312-manylinux_2_17_aarch64.whl", hash = "sha256:230a34df2f3c4f36acf426361914b8552f129538a5e2256d489dca2b39f2f031", size = 31102927, upload-time = "2023-10-25T07:53:50.927Z" },
    { url = "https://files.pythonhosted.org/packages/21/2c/5235acb1b7ac496bfb81d377f65defa51b31ac5b2deb2478b0ef44aa98aa/mysql_connector_python-8.2.0-cp312-cp312-manylinux_2_17_x86_64.whl", hash = "sha256:26e19a4469276870ccc0a04db30c534519f0f774a5949370ff0dc03e7cfc071c", size = 31630448, upload-time = "2023-10-25T07:54:12.164Z" },
    { url = "https://files.pythonhosted.org/packages/96/db/50f7397d0c8b013b87ad402f60892335dab6680a373c6aa583fa20c7b7a8/mysql_connector_python-8.2.0-cp312-cp312-win_amd64.whl", hash = "sha256:e0b8af0d8c56619875dee4168b1bf77e17a4c1c5e1df935623d264729df70227", size = 14214625, upload-time = "2023-10-25T07:54:25.608Z" },
    { url = "https://files.pythonhosted.org/packages/d0/76/2461d50bdc154a05119aad89c01235a1772d0ba7dd27de336268adc068b2/mysql_connector_python-8.2.0-py2.py3-none-any.whl", hash = "sha256:59d4ea8253edbca7cbd1ac25ed524fcf5d8e34ee7ef5fb1be9e3026852b88126", size = 593374, upload-time = "2023-10-25T07:57:07.51Z" },
]

[[package]]
name = "protobuf"
version = "4.21.12"
source = { registry = "https://pypi.org/simple" }
sdist = { url = "https://files.pythonhosted.org/packages/ba/dd/f8a01b146bf45ac12a829bbc599e6590aa6a6849ace7d28c42d77041d6ab/protobuf-4.21.12.tar.gz", hash = "sha256:7cd532c4566d0e6feafecc1059d04c7915aec8e182d1cf7adee8b24ef1e2e6ab", size = 220324, upload-time = "2022-12-14T17:29:34.648Z" }
wheels = [
    { url = "https://files.pythonhosted.org/packages/42/9b/7f464fa46797486439b35fb5aa0dbc99face447396619f1c98da13257732/protobuf-4.21.12-cp310-abi3-win32.whl", hash = "sha256:b135410244ebe777db80298297a97fbb4c862c881b4403b71bac9d4107d61fd1", size = 509874, upload-time = "2022-12-14T16:18:22.402Z" },
    { url = "https://files.pythonhosted.org/packages/f8/21/56796f96eadb1e1974090278312de28c8dced584e38ea7ee770e912c7af2/protobuf-4.21.12-cp310-abi3-win_amd64.whl", hash = "sha256:89f9149e4a0169cddfc44c74f230d7743002e3aa0b9472d8c28f0388102fc4c2", size = 527007, upload-time = "2022-12-14T16:18:24.882Z" },
    { url = "https://files.pythonhosted.org/packages/05/b6/6e9b82445e3561132a871e38f5601b12749beb5305eaa085d7f0c59728c9/protobuf-4.21.12-cp37-abi3-macosx_10_9_universal2.whl", hash = "sha256:299ea899484ee6f44604deb71f424234f654606b983cb496ea2a53e3c63ab791", size = 486247, upload-time = "2022-12-14T16:18:26.681Z" },
    { url = "https://files.pythonhosted.org/packages/76/74/28f42d3e6b0c7bffaa04348a631de7a22c3d81d1564753301d058c80fff5/protobuf-4.21.12-cp37-abi3-manylinux2014_aarch64.whl", hash = "sha256:d1736130bce8cf131ac7957fa26880ca19227d4ad68b4888b3be0dea1f95df97", size = 405144, upload-time = "2022-12-14T16:18:28.662Z" },
    { url = "https://files.pythonhosted.org/packages/e7/a2/3273c05fc5d959fa90de6453ebd6d45c6d4fab3ec212d631625ea5780921/protobuf-4.21.12-cp37-abi3-manylinux2014_x86_64.whl", hash = "sha256:78a28c9fa223998472886c77042e9b9afb6fe4242bd2a2a5aced88e3f4422aa7", size = 409837, upload-time = "2022-12-14T16:18:30.894Z" },
    { url = "https://files.pythonhosted.org/packages/c6/3b/33f3bd47dbfdd17ed87024b6473b26ee3a8c3303f019e91557b2654703a4/protobuf-4.21.12-py2.py3-none-any.whl", hash = "sha256:a53fd3f03e578553623272dc46ac2f189de23862e68565e83dde203d41b76fc5", size = 165013, upload-time = "2022-12-14T17:29:31.792Z" },
    { url = "https://files.pythonhosted.org/packages/d4/9f/5cb64224bdd4695f5b024a05a4bea31af1d8e3127d45a74161631fe8180e/protobuf-4.21.12-py3-none-any.whl", hash = "sha256:b98d0148f84e3a3c569e19f52103ca1feacdac0d2df8d6533cf983d1fda28462", size = 291651, upload-time = "2022-12-14T16:18:45.212Z" },
]

[[package]]
name = "werkzeug"
version = "2.3.7"
source = { registry = "https://pypi.org/simple" }
dependencies = [
    { name = "markupsafe" },
]
sdist = { url = "https://files.pythonhosted.org/packages/ef/56/0acc9f560053478a4987fa35c95d904f04b6915f6b5c4d1c14dc8862ba0a/werkzeug-2.3.7.tar.gz", hash = "sha256:2b8c0e447b4b9dbcc85dd97b6eeb4dcbaf6c8b6c3be0bd654e25553e0a2157d8", size = 819625, upload-time = "2023-08-14T09:30:46.892Z" }
wheels = [
    { url = "https://files.pythonhosted.org/packages/9b/59/a7c32e3d8d0e546a206e0552a2c04444544f15c1da4a01df8938d20c6ffc/werkzeug-2.3.7-py3-none-any.whl", hash = "sha256:effc12dba7f3bd72e605ce49807bbe692bd729c3bb122a3b91747a6ae77df528", size = 242216, upload-time = "2023-08-14T09:30:45.03Z" },
]
